
Microsoft Visual Studio Solution File, Format Version 12.00
# Visual Studio Version 16
VisualStudioVersion = 16.0.30011.22
MinimumVisualStudioVersion = 10.0.40219.1
Project("{FAE04EC0-301F-11D3-BF4B-00C04F79EFBC}") = "HW6", "HW6\HW6.csproj", "{685F4A9C-09C6-4C8D-AC02-69FA389B00EF}"
EndProject
Global
	GlobalSection(SolutionConfigurationPlatforms) = preSolution
		Debug|Any CPU = Debug|Any CPU
		Release|Any CPU = Release|Any CPU
	EndGlobalSection
	GlobalSection(ProjectConfigurationPlatforms) = postSolution
		{685F4A9C-09C6-4C8D-AC02-69FA389B00EF}.Debug|Any CPU.ActiveCfg = Debug|Any CPU
		{685F4A9C-09C6-4C8D-AC02-69FA389B00EF}.Debug|Any CPU.Build.0 = Debug|Any CPU
		{685F4A9C-09C6-4C8D-AC02-69FA389B00EF}.Release|Any CPU.ActiveCfg = Release|Any CPU
		{685F4A9C-09C6-4C8D-AC02-69FA389B00EF}.Release|Any CPU.Build.0 = Release|Any CPU
	EndGlobalSection
	GlobalSection(SolutionProperties) = preSolution
		HideSolutionNode = FALSE
	EndGlobalSection
	GlobalSection(ExtensibilityGlobals) = postSolution
		SolutionGuid = {8640BE4C-3514-41A9-A063-C81BE6E9954F}
	EndGlobalSection
EndGlobal
